
Microsoft Visual Studio Solution File, Format Version 12.00
# Visual Studio 14
VisualStudioVersion = 14.0.25420.1
MinimumVisualStudioVersion = 10.0.40219.1
Project("{FAE04EC0-301F-11D3-BF4B-00C04F79EFBC}") = "JobWindowNew.Domain", "JobWindowNew.Domain\JobWindowNew.Domain.csproj", "{8E3E8B4D-A720-422F-B59F-11BB3F73EBF9}"
EndProject
Project("{FAE04EC0-301F-11D3-BF4B-00C04F79EFBC}") = "JobWindowNew.Web", "JobWindowNew.Web\JobWindowNew.Web.csproj", "{226D6942-A238-4A02-9682-E498588E3813}"
EndProject
Project("{FAE04EC0-301F-11D3-BF4B-00C04F79EFBC}") = "JobWindowNew.DAL", "JobWindowNew.DAL\JobWindowNew.DAL.csproj", "{B73E051A-E009-4B6A-80FF-483842CE1ADA}"
EndProject
Global
	GlobalSection(SolutionConfigurationPlatforms) = preSolution
		Debug|Any CPU = Debug|Any CPU
		Release|Any CPU = Release|Any CPU
	EndGlobalSection
	GlobalSection(ProjectConfigurationPlatforms) = postSolution
		{8E3E8B4D-A720-422F-B59F-11BB3F73EBF9}.Debug|Any CPU.ActiveCfg = Debug|Any CPU
		{8E3E8B4D-A720-422F-B59F-11BB3F73EBF9}.Debug|Any CPU.Build.0 = Debug|Any CPU
		{8E3E8B4D-A720-422F-B59F-11BB3F73EBF9}.Release|Any CPU.ActiveCfg = Release|Any CPU
		{8E3E8B4D-A720-422F-B59F-11BB3F73EBF9}.Release|Any CPU.Build.0 = Release|Any CPU
		{226D6942-A238-4A02-9682-E498588E3813}.Debug|Any CPU.ActiveCfg = Debug|Any CPU
		{226D6942-A238-4A02-9682-E498588E3813}.Debug|Any CPU.Build.0 = Debug|Any CPU
		{226D6942-A238-4A02-9682-E498588E3813}.Release|Any CPU.ActiveCfg = Release|Any CPU
		{226D6942-A238-4A02-9682-E498588E3813}.Release|Any CPU.Build.0 = Release|Any CPU
		{B73E051A-E009-4B6A-80FF-483842CE1ADA}.Debug|Any CPU.ActiveCfg = Debug|Any CPU
		{B73E051A-E009-4B6A-80FF-483842CE1ADA}.Debug|Any CPU.Build.0 = Debug|Any CPU
		{B73E051A-E009-4B6A-80FF-483842CE1ADA}.Release|Any CPU.ActiveCfg = Release|Any CPU
		{B73E051A-E009-4B6A-80FF-483842CE1ADA}.Release|Any CPU.Build.0 = Release|Any CPU
	EndGlobalSection
	GlobalSection(SolutionProperties) = preSolution
		HideSolutionNode = FALSE
	EndGlobalSection
EndGlobal
